// !$*UTF8*$!
{
	archiveVersion = 1;
	classes = {
	};
	objectVersion = 50;
	objects = {

/* Begin PBXBuildFile section */
		9BBAAF4489FE89857CC96AA1 /* Pods_Anti_Entropy.framework in Frameworks */ = {isa = PBXBuildFile; fileRef = 6F41C149F32F4B080126C34E /* Pods_Anti_Entropy.framework */; };
		C8E595357A8C7393929F8A8B /* Pods_Anti_EntropyTests.framework in Frameworks */ = {isa = PBXBuildFile; fileRef = 720E8BE186F5EF43A71F8198 /* Pods_Anti_EntropyTests.framework */; };
		DB06B9F72089CF3300776553 /* CalculatorDetailViewController.swift in Sources */ = {isa = PBXBuildFile; fileRef = DB06B9F62089CF3300776553 /* CalculatorDetailViewController.swift */; };
		DB06B9FB2089D13800776553 /* CalculatorTableViewCell.xib in Resources */ = {isa = PBXBuildFile; fileRef = DB06B9F92089D13800776553 /* CalculatorTableViewCell.xib */; };
		DB188D662089FB480052E77D /* CalculatorViewModel.swift in Sources */ = {isa = PBXBuildFile; fileRef = DB188D652089FB480052E77D /* CalculatorViewModel.swift */; };
		DB188D682089FB990052E77D /* CalculatorDetailViewModel.swift in Sources */ = {isa = PBXBuildFile; fileRef = DB188D672089FB990052E77D /* CalculatorDetailViewModel.swift */; };
		DB188D6A208A17FD0052E77D /* String.swift in Sources */ = {isa = PBXBuildFile; fileRef = DB188D69208A17FD0052E77D /* String.swift */; };
		DB1AA03C208F0C9E001D4A88 /* Explainable.swift in Sources */ = {isa = PBXBuildFile; fileRef = DB1AA03B208F0C9E001D4A88 /* Explainable.swift */; };
		DB1AA048209083D7001D4A88 /* ValkyrjaModel.swift in Sources */ = {isa = PBXBuildFile; fileRef = DB1AA047209083D7001D4A88 /* ValkyrjaModel.swift */; };
		DB1AA04A20909B10001D4A88 /* ConsolePrint.swift in Sources */ = {isa = PBXBuildFile; fileRef = DB1AA04920909B10001D4A88 /* ConsolePrint.swift */; };
		DB1C72AD208886F4006696C7 /* BasicStatusViewModel.swift in Sources */ = {isa = PBXBuildFile; fileRef = DB1C72AC208886F4006696C7 /* BasicStatusViewModel.swift */; };
		DB1C72AF20888AE6006696C7 /* RxSwift.swift in Sources */ = {isa = PBXBuildFile; fileRef = DB1C72AE20888AE6006696C7 /* RxSwift.swift */; };
		DB4612C9209442AD003E7CAD /* PresetTeamModel.swift in Sources */ = {isa = PBXBuildFile; fileRef = DB4612C8209442AD003E7CAD /* PresetTeamModel.swift */; };
		DB4612CB20944DE0003E7CAD /* AppSettings.swift in Sources */ = {isa = PBXBuildFile; fileRef = DB4612CA20944DE0003E7CAD /* AppSettings.swift */; };
		DB4612CD20944EFC003E7CAD /* PresetTeamSetting.swift in Sources */ = {isa = PBXBuildFile; fileRef = DB4612CC20944EFC003E7CAD /* PresetTeamSetting.swift */; };
		DB5E6C722086E88600631BDD /* CalculatorTableViewCell.swift in Sources */ = {isa = PBXBuildFile; fileRef = DB5E6C712086E88600631BDD /* CalculatorTableViewCell.swift */; };
		DB68DE3E2098B36500AF0B56 /* BookmarkTableViewController.swift in Sources */ = {isa = PBXBuildFile; fileRef = DB68DE3D2098B36500AF0B56 /* BookmarkTableViewController.swift */; };
		DB68DE412098B86A00AF0B56 /* BookmarkTableViewCell.swift in Sources */ = {isa = PBXBuildFile; fileRef = DB68DE3F2098B86A00AF0B56 /* BookmarkTableViewCell.swift */; };
		DB68DE422098B86A00AF0B56 /* BookmarkTableViewCell.xib in Resources */ = {isa = PBXBuildFile; fileRef = DB68DE402098B86A00AF0B56 /* BookmarkTableViewCell.xib */; };
		DB75590E208607A500BA2DB7 /* CalculatorViewController.swift in Sources */ = {isa = PBXBuildFile; fileRef = DB75590D208607A500BA2DB7 /* CalculatorViewController.swift */; };
		DB755910208608FA00BA2DB7 /* Schicksal.framework in Frameworks */ = {isa = PBXBuildFile; fileRef = DB75590F208608FA00BA2DB7 /* Schicksal.framework */; };
		DB755911208608FA00BA2DB7 /* Schicksal.framework in Embed Frameworks */ = {isa = PBXBuildFile; fileRef = DB75590F208608FA00BA2DB7 /* Schicksal.framework */; settings = {ATTRIBUTES = (CodeSignOnCopy, RemoveHeadersOnCopy, ); }; };
		DB7559162086156100BA2DB7 /* BasicStatusView.xib in Resources */ = {isa = PBXBuildFile; fileRef = DB7559152086156100BA2DB7 /* BasicStatusView.xib */; };
		DB7559182086159400BA2DB7 /* BasicStatusView.swift in Sources */ = {isa = PBXBuildFile; fileRef = DB7559172086159400BA2DB7 /* BasicStatusView.swift */; };
		DB75591A20861B8900BA2DB7 /* UIView.swift in Sources */ = {isa = PBXBuildFile; fileRef = DB75591920861B8900BA2DB7 /* UIView.swift */; };
		DB92E4F32084693D00ED4A3E /* AppDelegate.swift in Sources */ = {isa = PBXBuildFile; fileRef = DB92E4F22084693D00ED4A3E /* AppDelegate.swift */; };
		DB92E4F82084693D00ED4A3E /* Main.storyboard in Resources */ = {isa = PBXBuildFile; fileRef = DB92E4F62084693D00ED4A3E /* Main.storyboard */; };
		DB92E4FA2084693E00ED4A3E /* Assets.xcassets in Resources */ = {isa = PBXBuildFile; fileRef = DB92E4F92084693E00ED4A3E /* Assets.xcassets */; };
		DB92E4FD2084693E00ED4A3E /* LaunchScreen.storyboard in Resources */ = {isa = PBXBuildFile; fileRef = DB92E4FB2084693E00ED4A3E /* LaunchScreen.storyboard */; };
		DB92E5082084693E00ED4A3E /* Anti_EntropyTests.swift in Sources */ = {isa = PBXBuildFile; fileRef = DB92E5072084693E00ED4A3E /* Anti_EntropyTests.swift */; };
		DBB11059208BC6460059A017 /* PresetTeam.swift in Sources */ = {isa = PBXBuildFile; fileRef = DBB11058208BC6460059A017 /* PresetTeam.swift */; };
		DBB3FB8B2084B03300601085 /* StigmataTableViewController.swift in Sources */ = {isa = PBXBuildFile; fileRef = DBB3FB8A2084B03300601085 /* StigmataTableViewController.swift */; };
		DBB3FB8F2084B96800601085 /* StigmataTableViewCell.swift in Sources */ = {isa = PBXBuildFile; fileRef = DBB3FB8E2084B96800601085 /* StigmataTableViewCell.swift */; };
/* End PBXBuildFile section */

/* Begin PBXContainerItemProxy section */
		DB92E5042084693E00ED4A3E /* PBXContainerItemProxy */ = {
			isa = PBXContainerItemProxy;
			containerPortal = DB92E4E72084693D00ED4A3E /* Project object */;
			proxyType = 1;
			remoteGlobalIDString = DB92E4EE2084693D00ED4A3E;
			remoteInfo = "Anti-Entropy";
		};
/* End PBXContainerItemProxy section */

/* Begin PBXCopyFilesBuildPhase section */
		DB755912208608FA00BA2DB7 /* Embed Frameworks */ = {
			isa = PBXCopyFilesBuildPhase;
			buildActionMask = 2147483647;
			dstPath = "";
			dstSubfolderSpec = 10;
			files = (
				DB755911208608FA00BA2DB7 /* Schicksal.framework in Embed Frameworks */,
			);
			name = "Embed Frameworks";
			runOnlyForDeploymentPostprocessing = 0;
		};
/* End PBXCopyFilesBuildPhase section */

/* Begin PBXFileReference section */
		48B1A7BECE6C4BF343D5972F /* Pods-Anti-Entropy.release.xcconfig */ = {isa = PBXFileReference; includeInIndex = 1; lastKnownFileType = text.xcconfig; name = "Pods-Anti-Entropy.release.xcconfig"; path = "Pods/Target Support Files/Pods-Anti-Entropy/Pods-Anti-Entropy.release.xcconfig"; sourceTree = "<group>"; };
		6F41C149F32F4B080126C34E /* Pods_Anti_Entropy.framework */ = {isa = PBXFileReference; explicitFileType = wrapper.framework; includeInIndex = 0; path = Pods_Anti_Entropy.framework; sourceTree = BUILT_PRODUCTS_DIR; };
		720E8BE186F5EF43A71F8198 /* Pods_Anti_EntropyTests.framework */ = {isa = PBXFileReference; explicitFileType = wrapper.framework; includeInIndex = 0; path = Pods_Anti_EntropyTests.framework; sourceTree = BUILT_PRODUCTS_DIR; };
		8382E15572AE9CAB4BA25DA9 /* Pods-Anti-EntropyTests.debug.xcconfig */ = {isa = PBXFileReference; includeInIndex = 1; lastKnownFileType = text.xcconfig; name = "Pods-Anti-EntropyTests.debug.xcconfig"; path = "Pods/Target Support Files/Pods-Anti-EntropyTests/Pods-Anti-EntropyTests.debug.xcconfig"; sourceTree = "<group>"; };
		BBE3D2EBCADEFFD523A5224B /* Pods-Anti-Entropy.debug.xcconfig */ = {isa = PBXFileReference; includeInIndex = 1; lastKnownFileType = text.xcconfig; name = "Pods-Anti-Entropy.debug.xcconfig"; path = "Pods/Target Support Files/Pods-Anti-Entropy/Pods-Anti-Entropy.debug.xcconfig"; sourceTree = "<group>"; };
		DB06B9F62089CF3300776553 /* CalculatorDetailViewController.swift */ = {isa = PBXFileReference; lastKnownFileType = sourcecode.swift; path = CalculatorDetailViewController.swift; sourceTree = "<group>"; };
		DB06B9F92089D13800776553 /* CalculatorTableViewCell.xib */ = {isa = PBXFileReference; lastKnownFileType = file.xib; path = CalculatorTableViewCell.xib; sourceTree = "<group>"; };
		DB188D652089FB480052E77D /* CalculatorViewModel.swift */ = {isa = PBXFileReference; lastKnownFileType = sourcecode.swift; path = CalculatorViewModel.swift; sourceTree = "<group>"; };
		DB188D672089FB990052E77D /* CalculatorDetailViewModel.swift */ = {isa = PBXFileReference; lastKnownFileType = sourcecode.swift; path = CalculatorDetailViewModel.swift; sourceTree = "<group>"; };
		DB188D69208A17FD0052E77D /* String.swift */ = {isa = PBXFileReference; lastKnownFileType = sourcecode.swift; path = String.swift; sourceTree = "<group>"; };
		DB1AA03B208F0C9E001D4A88 /* Explainable.swift */ = {isa = PBXFileReference; lastKnownFileType = sourcecode.swift; path = Explainable.swift; sourceTree = "<group>"; };
		DB1AA043208F17D4001D4A88 /* zh-Hans */ = {isa = PBXFileReference; lastKnownFileType = text.plist.strings; name = "zh-Hans"; path = "zh-Hans.lproj/Main.strings"; sourceTree = "<group>"; };
		DB1AA044208F17D4001D4A88 /* zh-Hans */ = {isa = PBXFileReference; lastKnownFileType = text.plist.strings; name = "zh-Hans"; path = "zh-Hans.lproj/LaunchScreen.strings"; sourceTree = "<group>"; };
		DB1AA045208F17DD001D4A88 /* ja */ = {isa = PBXFileReference; lastKnownFileType = text.plist.strings; name = ja; path = ja.lproj/Main.strings; sourceTree = "<group>"; };
		DB1AA046208F17DD001D4A88 /* ja */ = {isa = PBXFileReference; lastKnownFileType = text.plist.strings; name = ja; path = ja.lproj/LaunchScreen.strings; sourceTree = "<group>"; };
		DB1AA047209083D7001D4A88 /* ValkyrjaModel.swift */ = {isa = PBXFileReference; lastKnownFileType = sourcecode.swift; path = ValkyrjaModel.swift; sourceTree = "<group>"; };
		DB1AA04920909B10001D4A88 /* ConsolePrint.swift */ = {isa = PBXFileReference; fileEncoding = 4; lastKnownFileType = sourcecode.swift; path = ConsolePrint.swift; sourceTree = "<group>"; };
		DB1C72AC208886F4006696C7 /* BasicStatusViewModel.swift */ = {isa = PBXFileReference; lastKnownFileType = sourcecode.swift; path = BasicStatusViewModel.swift; sourceTree = "<group>"; };
		DB1C72AE20888AE6006696C7 /* RxSwift.swift */ = {isa = PBXFileReference; lastKnownFileType = sourcecode.swift; path = RxSwift.swift; sourceTree = "<group>"; };
		DB4612C8209442AD003E7CAD /* PresetTeamModel.swift */ = {isa = PBXFileReference; lastKnownFileType = sourcecode.swift; path = PresetTeamModel.swift; sourceTree = "<group>"; };
		DB4612CA20944DE0003E7CAD /* AppSettings.swift */ = {isa = PBXFileReference; lastKnownFileType = sourcecode.swift; path = AppSettings.swift; sourceTree = "<group>"; };
		DB4612CC20944EFC003E7CAD /* PresetTeamSetting.swift */ = {isa = PBXFileReference; lastKnownFileType = sourcecode.swift; path = PresetTeamSetting.swift; sourceTree = "<group>"; };
		DB5E6C712086E88600631BDD /* CalculatorTableViewCell.swift */ = {isa = PBXFileReference; lastKnownFileType = sourcecode.swift; path = CalculatorTableViewCell.swift; sourceTree = "<group>"; };
		DB68DE3D2098B36500AF0B56 /* BookmarkTableViewController.swift */ = {isa = PBXFileReference; lastKnownFileType = sourcecode.swift; path = BookmarkTableViewController.swift; sourceTree = "<group>"; };
		DB68DE3F2098B86A00AF0B56 /* BookmarkTableViewCell.swift */ = {isa = PBXFileReference; lastKnownFileType = sourcecode.swift; path = BookmarkTableViewCell.swift; sourceTree = "<group>"; };
		DB68DE402098B86A00AF0B56 /* BookmarkTableViewCell.xib */ = {isa = PBXFileReference; lastKnownFileType = file.xib; path = BookmarkTableViewCell.xib; sourceTree = "<group>"; };
		DB75590D208607A500BA2DB7 /* CalculatorViewController.swift */ = {isa = PBXFileReference; lastKnownFileType = sourcecode.swift; path = CalculatorViewController.swift; sourceTree = "<group>"; };
		DB75590F208608FA00BA2DB7 /* Schicksal.framework */ = {isa = PBXFileReference; explicitFileType = wrapper.framework; path = Schicksal.framework; sourceTree = BUILT_PRODUCTS_DIR; };
		DB7559152086156100BA2DB7 /* BasicStatusView.xib */ = {isa = PBXFileReference; lastKnownFileType = file.xib; path = BasicStatusView.xib; sourceTree = "<group>"; };
		DB7559172086159400BA2DB7 /* BasicStatusView.swift */ = {isa = PBXFileReference; lastKnownFileType = sourcecode.swift; path = BasicStatusView.swift; sourceTree = "<group>"; };
		DB75591920861B8900BA2DB7 /* UIView.swift */ = {isa = PBXFileReference; lastKnownFileType = sourcecode.swift; path = UIView.swift; sourceTree = "<group>"; };
		DB92E4EF2084693D00ED4A3E /* Anti-Entropy.app */ = {isa = PBXFileReference; explicitFileType = wrapper.application; includeInIndex = 0; path = "Anti-Entropy.app"; sourceTree = BUILT_PRODUCTS_DIR; };
		DB92E4F22084693D00ED4A3E /* AppDelegate.swift */ = {isa = PBXFileReference; lastKnownFileType = sourcecode.swift; path = AppDelegate.swift; sourceTree = "<group>"; };
		DB92E4F72084693D00ED4A3E /* Base */ = {isa = PBXFileReference; lastKnownFileType = file.storyboard; name = Base; path = Base.lproj/Main.storyboard; sourceTree = "<group>"; };
		DB92E4F92084693E00ED4A3E /* Assets.xcassets */ = {isa = PBXFileReference; lastKnownFileType = folder.assetcatalog; path = Assets.xcassets; sourceTree = "<group>"; };
		DB92E4FC2084693E00ED4A3E /* Base */ = {isa = PBXFileReference; lastKnownFileType = file.storyboard; name = Base; path = Base.lproj/LaunchScreen.storyboard; sourceTree = "<group>"; };
		DB92E4FE2084693E00ED4A3E /* Info.plist */ = {isa = PBXFileReference; lastKnownFileType = text.plist.xml; path = Info.plist; sourceTree = "<group>"; };
		DB92E5032084693E00ED4A3E /* Anti-EntropyTests.xctest */ = {isa = PBXFileReference; explicitFileType = wrapper.cfbundle; includeInIndex = 0; path = "Anti-EntropyTests.xctest"; sourceTree = BUILT_PRODUCTS_DIR; };
		DB92E5072084693E00ED4A3E /* Anti_EntropyTests.swift */ = {isa = PBXFileReference; lastKnownFileType = sourcecode.swift; path = Anti_EntropyTests.swift; sourceTree = "<group>"; };
		DB92E5092084693E00ED4A3E /* Info.plist */ = {isa = PBXFileReference; lastKnownFileType = text.plist.xml; path = Info.plist; sourceTree = "<group>"; };
		DBB11058208BC6460059A017 /* PresetTeam.swift */ = {isa = PBXFileReference; lastKnownFileType = sourcecode.swift; path = PresetTeam.swift; sourceTree = "<group>"; };
		DBB3FB8A2084B03300601085 /* StigmataTableViewController.swift */ = {isa = PBXFileReference; lastKnownFileType = sourcecode.swift; path = StigmataTableViewController.swift; sourceTree = "<group>"; };
		DBB3FB8E2084B96800601085 /* StigmataTableViewCell.swift */ = {isa = PBXFileReference; lastKnownFileType = sourcecode.swift; path = StigmataTableViewCell.swift; sourceTree = "<group>"; };
		E8BEC70720E4680ED48ED56C /* Pods-Anti-EntropyTests.release.xcconfig */ = {isa = PBXFileReference; includeInIndex = 1; lastKnownFileType = text.xcconfig; name = "Pods-Anti-EntropyTests.release.xcconfig"; path = "Pods/Target Support Files/Pods-Anti-EntropyTests/Pods-Anti-EntropyTests.release.xcconfig"; sourceTree = "<group>"; };
/* End PBXFileReference section */

/* Begin PBXFrameworksBuildPhase section */
		DB92E4EC2084693D00ED4A3E /* Frameworks */ = {
			isa = PBXFrameworksBuildPhase;
			buildActionMask = 2147483647;
			files = (
				DB755910208608FA00BA2DB7 /* Schicksal.framework in Frameworks */,
				9BBAAF4489FE89857CC96AA1 /* Pods_Anti_Entropy.framework in Frameworks */,
			);
			runOnlyForDeploymentPostprocessing = 0;
		};
		DB92E5002084693E00ED4A3E /* Frameworks */ = {
			isa = PBXFrameworksBuildPhase;
			buildActionMask = 2147483647;
			files = (
				C8E595357A8C7393929F8A8B /* Pods_Anti_EntropyTests.framework in Frameworks */,
			);
			runOnlyForDeploymentPostprocessing = 0;
		};
/* End PBXFrameworksBuildPhase section */

/* Begin PBXGroup section */
		0F87935BFB458890C3ADE03E /* Frameworks */ = {
			isa = PBXGroup;
			children = (
				6F41C149F32F4B080126C34E /* Pods_Anti_Entropy.framework */,
				720E8BE186F5EF43A71F8198 /* Pods_Anti_EntropyTests.framework */,
			);
			name = Frameworks;
			sourceTree = "<group>";
		};
		D8B14269D884FE25060D7A9D /* Pods */ = {
			isa = PBXGroup;
			children = (
				BBE3D2EBCADEFFD523A5224B /* Pods-Anti-Entropy.debug.xcconfig */,
				48B1A7BECE6C4BF343D5972F /* Pods-Anti-Entropy.release.xcconfig */,
				8382E15572AE9CAB4BA25DA9 /* Pods-Anti-EntropyTests.debug.xcconfig */,
				E8BEC70720E4680ED48ED56C /* Pods-Anti-EntropyTests.release.xcconfig */,
			);
			name = Pods;
			sourceTree = "<group>";
		};
		DB188D622089FADA0052E77D /* Controller */ = {
			isa = PBXGroup;
			children = (
				DBB3FB8A2084B03300601085 /* StigmataTableViewController.swift */,
				DB75590D208607A500BA2DB7 /* CalculatorViewController.swift */,
				DB06B9F62089CF3300776553 /* CalculatorDetailViewController.swift */,
				DB68DE3D2098B36500AF0B56 /* BookmarkTableViewController.swift */,
			);
			path = Controller;
			sourceTree = "<group>";
		};
		DB188D632089FAF70052E77D /* ViewModel */ = {
			isa = PBXGroup;
			children = (
				DB1C72AC208886F4006696C7 /* BasicStatusViewModel.swift */,
				DB188D652089FB480052E77D /* CalculatorViewModel.swift */,
				DB188D672089FB990052E77D /* CalculatorDetailViewModel.swift */,
			);
			path = ViewModel;
			sourceTree = "<group>";
		};
		DB188D642089FB180052E77D /* View */ = {
			isa = PBXGroup;
			children = (
				DB7559152086156100BA2DB7 /* BasicStatusView.xib */,
				DB7559172086159400BA2DB7 /* BasicStatusView.swift */,
				DBB3FB8E2084B96800601085 /* StigmataTableViewCell.swift */,
				DB06B9F92089D13800776553 /* CalculatorTableViewCell.xib */,
				DB5E6C712086E88600631BDD /* CalculatorTableViewCell.swift */,
				DB68DE3F2098B86A00AF0B56 /* BookmarkTableViewCell.swift */,
				DB68DE402098B86A00AF0B56 /* BookmarkTableViewCell.xib */,
			);
			path = View;
			sourceTree = "<group>";
		};
		DB1AA04B20909B15001D4A88 /* Utility */ = {
			isa = PBXGroup;
			children = (
				DB1AA04920909B10001D4A88 /* ConsolePrint.swift */,
				DB4612CA20944DE0003E7CAD /* AppSettings.swift */,
			);
			path = Utility;
			sourceTree = "<group>";
		};
		DB4612C520944256003E7CAD /* Model */ = {
			isa = PBXGroup;
			children = (
				DBB11058208BC6460059A017 /* PresetTeam.swift */,
				DB4612C8209442AD003E7CAD /* PresetTeamModel.swift */,
				DB4612CC20944EFC003E7CAD /* PresetTeamSetting.swift */,
			);
			path = Model;
			sourceTree = "<group>";
		};
		DB7158A920846A1400FC164B /* Supporting Files */ = {
			isa = PBXGroup;
			children = (
				DB92E4F22084693D00ED4A3E /* AppDelegate.swift */,
				DB92E4F92084693E00ED4A3E /* Assets.xcassets */,
				DB92E4FB2084693E00ED4A3E /* LaunchScreen.storyboard */,
				DB92E4FE2084693E00ED4A3E /* Info.plist */,
			);
			path = "Supporting Files";
			sourceTree = "<group>";
		};
		DB75591B20861B8E00BA2DB7 /* Extension */ = {
			isa = PBXGroup;
			children = (
				DB75591920861B8900BA2DB7 /* UIView.swift */,
				DB1C72AE20888AE6006696C7 /* RxSwift.swift */,
				DB188D69208A17FD0052E77D /* String.swift */,
				DB1AA03B208F0C9E001D4A88 /* Explainable.swift */,
				DB1AA047209083D7001D4A88 /* ValkyrjaModel.swift */,
			);
			path = Extension;
			sourceTree = "<group>";
		};
		DB92E4E62084693D00ED4A3E = {
			isa = PBXGroup;
			children = (
				DB75590F208608FA00BA2DB7 /* Schicksal.framework */,
				DB92E4F12084693D00ED4A3E /* Anti-Entropy */,
				DB92E5062084693E00ED4A3E /* Anti-EntropyTests */,
				DB92E4F02084693D00ED4A3E /* Products */,
				D8B14269D884FE25060D7A9D /* Pods */,
				0F87935BFB458890C3ADE03E /* Frameworks */,
			);
			sourceTree = "<group>";
		};
		DB92E4F02084693D00ED4A3E /* Products */ = {
			isa = PBXGroup;
			children = (
				DB92E4EF2084693D00ED4A3E /* Anti-Entropy.app */,
				DB92E5032084693E00ED4A3E /* Anti-EntropyTests.xctest */,
			);
			name = Products;
			sourceTree = "<group>";
		};
		DB92E4F12084693D00ED4A3E /* Anti-Entropy */ = {
			isa = PBXGroup;
			children = (
				DB92E4F62084693D00ED4A3E /* Main.storyboard */,
				DB188D642089FB180052E77D /* View */,
				DB188D632089FAF70052E77D /* ViewModel */,
				DB188D622089FADA0052E77D /* Controller */,
				DB4612C520944256003E7CAD /* Model */,
				DB1AA04B20909B15001D4A88 /* Utility */,
				DB75591B20861B8E00BA2DB7 /* Extension */,
				DB7158A920846A1400FC164B /* Supporting Files */,
			);
			path = "Anti-Entropy";
			sourceTree = "<group>";
		};
		DB92E5062084693E00ED4A3E /* Anti-EntropyTests */ = {
			isa = PBXGroup;
			children = (
				DB92E5072084693E00ED4A3E /* Anti_EntropyTests.swift */,
				DB92E5092084693E00ED4A3E /* Info.plist */,
			);
			path = "Anti-EntropyTests";
			sourceTree = "<group>";
		};
/* End PBXGroup section */

/* Begin PBXNativeTarget section */
		DB92E4EE2084693D00ED4A3E /* Anti-Entropy */ = {
			isa = PBXNativeTarget;
			buildConfigurationList = DB92E50C2084693E00ED4A3E /* Build configuration list for PBXNativeTarget "Anti-Entropy" */;
			buildPhases = (
				795985233EA0CF9E0018D478 /* [CP] Check Pods Manifest.lock */,
				DB92E4EB2084693D00ED4A3E /* Sources */,
				DB92E4EC2084693D00ED4A3E /* Frameworks */,
				DB92E4ED2084693D00ED4A3E /* Resources */,
				A2915AE5400C08F41CC2AF43 /* [CP] Embed Pods Frameworks */,
				DB755912208608FA00BA2DB7 /* Embed Frameworks */,
			);
			buildRules = (
			);
			dependencies = (
			);
			name = "Anti-Entropy";
			productName = "Anti-Entropy";
			productReference = DB92E4EF2084693D00ED4A3E /* Anti-Entropy.app */;
			productType = "com.apple.product-type.application";
		};
		DB92E5022084693E00ED4A3E /* Anti-EntropyTests */ = {
			isa = PBXNativeTarget;
			buildConfigurationList = DB92E50F2084693E00ED4A3E /* Build configuration list for PBXNativeTarget "Anti-EntropyTests" */;
			buildPhases = (
				765D2AB4C69D49215946F844 /* [CP] Check Pods Manifest.lock */,
				DB92E4FF2084693E00ED4A3E /* Sources */,
				DB92E5002084693E00ED4A3E /* Frameworks */,
				DB92E5012084693E00ED4A3E /* Resources */,
			);
			buildRules = (
			);
			dependencies = (
				DB92E5052084693E00ED4A3E /* PBXTargetDependency */,
			);
			name = "Anti-EntropyTests";
			productName = "Anti-EntropyTests";
			productReference = DB92E5032084693E00ED4A3E /* Anti-EntropyTests.xctest */;
			productType = "com.apple.product-type.bundle.unit-test";
		};
/* End PBXNativeTarget section */

/* Begin PBXProject section */
		DB92E4E72084693D00ED4A3E /* Project object */ = {
			isa = PBXProject;
			attributes = {
				LastSwiftUpdateCheck = 0930;
				LastUpgradeCheck = 0930;
				ORGANIZATIONNAME = MainasuK;
				TargetAttributes = {
					DB92E4EE2084693D00ED4A3E = {
						CreatedOnToolsVersion = 9.3;
					};
					DB92E5022084693E00ED4A3E = {
						CreatedOnToolsVersion = 9.3;
						TestTargetID = DB92E4EE2084693D00ED4A3E;
					};
				};
			};
			buildConfigurationList = DB92E4EA2084693D00ED4A3E /* Build configuration list for PBXProject "Anti-Entropy" */;
			compatibilityVersion = "Xcode 9.3";
			developmentRegion = en;
			hasScannedForEncodings = 0;
			knownRegions = (
				en,
				Base,
			);
			mainGroup = DB92E4E62084693D00ED4A3E;
			productRefGroup = DB92E4F02084693D00ED4A3E /* Products */;
			projectDirPath = "";
			projectRoot = "";
			targets = (
				DB92E4EE2084693D00ED4A3E /* Anti-Entropy */,
				DB92E5022084693E00ED4A3E /* Anti-EntropyTests */,
			);
		};
/* End PBXProject section */

/* Begin PBXResourcesBuildPhase section */
		DB92E4ED2084693D00ED4A3E /* Resources */ = {
			isa = PBXResourcesBuildPhase;
			buildActionMask = 2147483647;
			files = (
				DB92E4FD2084693E00ED4A3E /* LaunchScreen.storyboard in Resources */,
				DB06B9FB2089D13800776553 /* CalculatorTableViewCell.xib in Resources */,
				DB7559162086156100BA2DB7 /* BasicStatusView.xib in Resources */,
				DB92E4FA2084693E00ED4A3E /* Assets.xcassets in Resources */,
				DB92E4F82084693D00ED4A3E /* Main.storyboard in Resources */,
				DB68DE422098B86A00AF0B56 /* BookmarkTableViewCell.xib in Resources */,
			);
			runOnlyForDeploymentPostprocessing = 0;
		};
		DB92E5012084693E00ED4A3E /* Resources */ = {
			isa = PBXResourcesBuildPhase;
			buildActionMask = 2147483647;
			files = (
			);
			runOnlyForDeploymentPostprocessing = 0;
		};
/* End PBXResourcesBuildPhase section */

/* Begin PBXShellScriptBuildPhase section */
		765D2AB4C69D49215946F844 /* [CP] Check Pods Manifest.lock */ = {
			isa = PBXShellScriptBuildPhase;
			buildActionMask = 2147483647;
			files = (
			);
			inputPaths = (
				"${PODS_PODFILE_DIR_PATH}/Podfile.lock",
				"${PODS_ROOT}/Manifest.lock",
			);
			name = "[CP] Check Pods Manifest.lock";
			outputPaths = (
				"$(DERIVED_FILE_DIR)/Pods-Anti-EntropyTests-checkManifestLockResult.txt",
			);
			runOnlyForDeploymentPostprocessing = 0;
			shellPath = /bin/sh;
			shellScript = "diff \"${PODS_PODFILE_DIR_PATH}/Podfile.lock\" \"${PODS_ROOT}/Manifest.lock\" > /dev/null\nif [ $? != 0 ] ; then\n    # print error to STDERR\n    echo \"error: The sandbox is not in sync with the Podfile.lock. Run 'pod install' or update your CocoaPods installation.\" >&2\n    exit 1\nfi\n# This output is used by Xcode 'outputs' to avoid re-running this script phase.\necho \"SUCCESS\" > \"${SCRIPT_OUTPUT_FILE_0}\"\n";
			showEnvVarsInLog = 0;
		};
		795985233EA0CF9E0018D478 /* [CP] Check Pods Manifest.lock */ = {
			isa = PBXShellScriptBuildPhase;
			buildActionMask = 2147483647;
			files = (
			);
			inputPaths = (
				"${PODS_PODFILE_DIR_PATH}/Podfile.lock",
				"${PODS_ROOT}/Manifest.lock",
			);
			name = "[CP] Check Pods Manifest.lock";
			outputPaths = (
				"$(DERIVED_FILE_DIR)/Pods-Anti-Entropy-checkManifestLockResult.txt",
			);
			runOnlyForDeploymentPostprocessing = 0;
			shellPath = /bin/sh;
			shellScript = "diff \"${PODS_PODFILE_DIR_PATH}/Podfile.lock\" \"${PODS_ROOT}/Manifest.lock\" > /dev/null\nif [ $? != 0 ] ; then\n    # print error to STDERR\n    echo \"error: The sandbox is not in sync with the Podfile.lock. Run 'pod install' or update your CocoaPods installation.\" >&2\n    exit 1\nfi\n# This output is used by Xcode 'outputs' to avoid re-running this script phase.\necho \"SUCCESS\" > \"${SCRIPT_OUTPUT_FILE_0}\"\n";
			showEnvVarsInLog = 0;
		};
		A2915AE5400C08F41CC2AF43 /* [CP] Embed Pods Frameworks */ = {
			isa = PBXShellScriptBuildPhase;
			buildActionMask = 2147483647;
			files = (
			);
			inputPaths = (
				"${SRCROOT}/Pods/Target Support Files/Pods-Anti-Entropy/Pods-Anti-Entropy-frameworks.sh",
				"${BUILT_PRODUCTS_DIR}/Default/Default.framework",
				"${BUILT_PRODUCTS_DIR}/Localize-Swift/Localize_Swift.framework",
				"${BUILT_PRODUCTS_DIR}/Realm/Realm.framework",
				"${BUILT_PRODUCTS_DIR}/RealmSwift/RealmSwift.framework",
				"${BUILT_PRODUCTS_DIR}/RxCocoa/RxCocoa.framework",
				"${BUILT_PRODUCTS_DIR}/RxRealm/RxRealm.framework",
				"${BUILT_PRODUCTS_DIR}/RxSwift/RxSwift.framework",
				"${BUILT_PRODUCTS_DIR}/RxSwiftExt/RxSwiftExt.framework",
			);
			name = "[CP] Embed Pods Frameworks";
			outputPaths = (
				"${TARGET_BUILD_DIR}/${FRAMEWORKS_FOLDER_PATH}/Default.framework",
				"${TARGET_BUILD_DIR}/${FRAMEWORKS_FOLDER_PATH}/Localize_Swift.framework",
				"${TARGET_BUILD_DIR}/${FRAMEWORKS_FOLDER_PATH}/Realm.framework",
				"${TARGET_BUILD_DIR}/${FRAMEWORKS_FOLDER_PATH}/RealmSwift.framework",
				"${TARGET_BUILD_DIR}/${FRAMEWORKS_FOLDER_PATH}/RxCocoa.framework",
				"${TARGET_BUILD_DIR}/${FRAMEWORKS_FOLDER_PATH}/RxRealm.framework",
				"${TARGET_BUILD_DIR}/${FRAMEWORKS_FOLDER_PATH}/RxSwift.framework",
				"${TARGET_BUILD_DIR}/${FRAMEWORKS_FOLDER_PATH}/RxSwiftExt.framework",
			);
			runOnlyForDeploymentPostprocessing = 0;
			shellPath = /bin/sh;
			shellScript = "\"${SRCROOT}/Pods/Target Support Files/Pods-Anti-Entropy/Pods-Anti-Entropy-frameworks.sh\"\n";
			showEnvVarsInLog = 0;
		};
/* End PBXShellScriptBuildPhase section */

/* Begin PBXSourcesBuildPhase section */
		DB92E4EB2084693D00ED4A3E /* Sources */ = {
			isa = PBXSourcesBuildPhase;
			buildActionMask = 2147483647;
			files = (
				DB1AA04A20909B10001D4A88 /* ConsolePrint.swift in Sources */,
				DB4612CB20944DE0003E7CAD /* AppSettings.swift in Sources */,
				DB92E4F32084693D00ED4A3E /* AppDelegate.swift in Sources */,
				DB68DE3E2098B36500AF0B56 /* BookmarkTableViewController.swift in Sources */,
				DB1AA03C208F0C9E001D4A88 /* Explainable.swift in Sources */,
				DB188D6A208A17FD0052E77D /* String.swift in Sources */,
				DB1AA048209083D7001D4A88 /* ValkyrjaModel.swift in Sources */,
				DB06B9F72089CF3300776553 /* CalculatorDetailViewController.swift in Sources */,
				DBB11059208BC6460059A017 /* PresetTeam.swift in Sources */,
				DB7559182086159400BA2DB7 /* BasicStatusView.swift in Sources */,
				DB188D662089FB480052E77D /* CalculatorViewModel.swift in Sources */,
				DBB3FB8B2084B03300601085 /* StigmataTableViewController.swift in Sources */,
				DB75590E208607A500BA2DB7 /* CalculatorViewController.swift in Sources */,
				DB75591A20861B8900BA2DB7 /* UIView.swift in Sources */,
				DB188D682089FB990052E77D /* CalculatorDetailViewModel.swift in Sources */,
				DB68DE412098B86A00AF0B56 /* BookmarkTableViewCell.swift in Sources */,
				DBB3FB8F2084B96800601085 /* StigmataTableViewCell.swift in Sources */,
				DB1C72AF20888AE6006696C7 /* RxSwift.swift in Sources */,
				DB4612C9209442AD003E7CAD /* PresetTeamModel.swift in Sources */,
				DB5E6C722086E88600631BDD /* CalculatorTableViewCell.swift in Sources */,
				DB4612CD20944EFC003E7CAD /* PresetTeamSetting.swift in Sources */,
				DB1C72AD208886F4006696C7 /* BasicStatusViewModel.swift in Sources */,
			);
			runOnlyForDeploymentPostprocessing = 0;
		};
		DB92E4FF2084693E00ED4A3E /* Sources */ = {
			isa = PBXSourcesBuildPhase;
			buildActionMask = 2147483647;
			files = (
				DB92E5082084693E00ED4A3E /* Anti_EntropyTests.swift in Sources */,
			);
			runOnlyForDeploymentPostprocessing = 0;
		};
/* End PBXSourcesBuildPhase section */

/* Begin PBXTargetDependency section */
		DB92E5052084693E00ED4A3E /* PBXTargetDependency */ = {
			isa = PBXTargetDependency;
			target = DB92E4EE2084693D00ED4A3E /* Anti-Entropy */;
			targetProxy = DB92E5042084693E00ED4A3E /* PBXContainerItemProxy */;
		};
/* End PBXTargetDependency section */

/* Begin PBXVariantGroup section */
		DB92E4F62084693D00ED4A3E /* Main.storyboard */ = {
			isa = PBXVariantGroup;
			children = (
				DB92E4F72084693D00ED4A3E /* Base */,
				DB1AA043208F17D4001D4A88 /* zh-Hans */,
				DB1AA045208F17DD001D4A88 /* ja */,
			);
			name = Main.storyboard;
			sourceTree = "<group>";
		};
		DB92E4FB2084693E00ED4A3E /* LaunchScreen.storyboard */ = {
			isa = PBXVariantGroup;
			children = (
				DB92E4FC2084693E00ED4A3E /* Base */,
				DB1AA044208F17D4001D4A88 /* zh-Hans */,
				DB1AA046208F17DD001D4A88 /* ja */,
			);
			name = LaunchScreen.storyboard;
			sourceTree = "<group>";
		};
/* End PBXVariantGroup section */

/* Begin XCBuildConfiguration section */
		DB92E50A2084693E00ED4A3E /* Debug */ = {
			isa = XCBuildConfiguration;
			buildSettings = {
				ALWAYS_SEARCH_USER_PATHS = NO;
				CLANG_ANALYZER_LOCALIZABILITY_NONLOCALIZED = YES;
				CLANG_ANALYZER_NONNULL = YES;
				CLANG_ANALYZER_NUMBER_OBJECT_CONVERSION = YES_AGGRESSIVE;
				CLANG_CXX_LANGUAGE_STANDARD = "gnu++14";
				CLANG_CXX_LIBRARY = "libc++";
				CLANG_ENABLE_MODULES = YES;
				CLANG_ENABLE_OBJC_ARC = YES;
				CLANG_ENABLE_OBJC_WEAK = YES;
				CLANG_WARN_BLOCK_CAPTURE_AUTORELEASING = YES;
				CLANG_WARN_BOOL_CONVERSION = YES;
				CLANG_WARN_COMMA = YES;
				CLANG_WARN_CONSTANT_CONVERSION = YES;
				CLANG_WARN_DEPRECATED_OBJC_IMPLEMENTATIONS = YES;
				CLANG_WARN_DIRECT_OBJC_ISA_USAGE = YES_ERROR;
				CLANG_WARN_DOCUMENTATION_COMMENTS = YES;
				CLANG_WARN_EMPTY_BODY = YES;
				CLANG_WARN_ENUM_CONVERSION = YES;
				CLANG_WARN_INFINITE_RECURSION = YES;
				CLANG_WARN_INT_CONVERSION = YES;
				CLANG_WARN_NON_LITERAL_NULL_CONVERSION = YES;
				CLANG_WARN_OBJC_IMPLICIT_RETAIN_SELF = YES;
				CLANG_WARN_OBJC_LITERAL_CONVERSION = YES;
				CLANG_WARN_OBJC_ROOT_CLASS = YES_ERROR;
				CLANG_WARN_RANGE_LOOP_ANALYSIS = YES;
				CLANG_WARN_STRICT_PROTOTYPES = YES;
				CLANG_WARN_SUSPICIOUS_MOVE = YES;
				CLANG_WARN_UNGUARDED_AVAILABILITY = YES_AGGRESSIVE;
				CLANG_WARN_UNREACHABLE_CODE = YES;
				CLANG_WARN__DUPLICATE_METHOD_MATCH = YES;
				CODE_SIGN_IDENTITY = "iPhone Developer";
				COPY_PHASE_STRIP = NO;
				DEBUG_INFORMATION_FORMAT = dwarf;
				ENABLE_STRICT_OBJC_MSGSEND = YES;
				ENABLE_TESTABILITY = YES;
				GCC_C_LANGUAGE_STANDARD = gnu11;
				GCC_DYNAMIC_NO_PIC = NO;
				GCC_NO_COMMON_BLOCKS = YES;
				GCC_OPTIMIZATION_LEVEL = 0;
				GCC_PREPROCESSOR_DEFINITIONS = (
					"DEBUG=1",
					"$(inherited)",
				);
				GCC_WARN_64_TO_32_BIT_CONVERSION = YES;
				GCC_WARN_ABOUT_RETURN_TYPE = YES_ERROR;
				GCC_WARN_UNDECLARED_SELECTOR = YES;
				GCC_WARN_UNINITIALIZED_AUTOS = YES_AGGRESSIVE;
				GCC_WARN_UNUSED_FUNCTION = YES;
				GCC_WARN_UNUSED_VARIABLE = YES;
				IPHONEOS_DEPLOYMENT_TARGET = 11.3;
				MTL_ENABLE_DEBUG_INFO = YES;
				ONLY_ACTIVE_ARCH = YES;
				SDKROOT = iphoneos;
				SWIFT_ACTIVE_COMPILATION_CONDITIONS = DEBUG;
				SWIFT_OPTIMIZATION_LEVEL = "-Onone";
			};
			name = Debug;
		};
		DB92E50B2084693E00ED4A3E /* Release */ = {
			isa = XCBuildConfiguration;
			buildSettings = {
				ALWAYS_SEARCH_USER_PATHS = NO;
				CLANG_ANALYZER_LOCALIZABILITY_NONLOCALIZED = YES;
				CLANG_ANALYZER_NONNULL = YES;
				CLANG_ANALYZER_NUMBER_OBJECT_CONVERSION = YES_AGGRESSIVE;
				CLANG_CXX_LANGUAGE_STANDARD = "gnu++14";
				CLANG_CXX_LIBRARY = "libc++";
				CLANG_ENABLE_MODULES = YES;
				CLANG_ENABLE_OBJC_ARC = YES;
				CLANG_ENABLE_OBJC_WEAK = YES;
				CLANG_WARN_BLOCK_CAPTURE_AUTORELEASING = YES;
				CLANG_WARN_BOOL_CONVERSION = YES;
				CLANG_WARN_COMMA = YES;
				CLANG_WARN_CONSTANT_CONVERSION = YES;
				CLANG_WARN_DEPRECATED_OBJC_IMPLEMENTATIONS = YES;
				CLANG_WARN_DIRECT_OBJC_ISA_USAGE = YES_ERROR;
				CLANG_WARN_DOCUMENTATION_COMMENTS = YES;
				CLANG_WARN_EMPTY_BODY = YES;
				CLANG_WARN_ENUM_CONVERSION = YES;
				CLANG_WARN_INFINITE_RECURSION = YES;
				CLANG_WARN_INT_CONVERSION = YES;
				CLANG_WARN_NON_LITERAL_NULL_CONVERSION = YES;
				CLANG_WARN_OBJC_IMPLICIT_RETAIN_SELF = YES;
				CLANG_WARN_OBJC_LITERAL_CONVERSION = YES;
				CLANG_WARN_OBJC_ROOT_CLASS = YES_ERROR;
				CLANG_WARN_RANGE_LOOP_ANALYSIS = YES;
				CLANG_WARN_STRICT_PROTOTYPES = YES;
				CLANG_WARN_SUSPICIOUS_MOVE = YES;
				CLANG_WARN_UNGUARDED_AVAILABILITY = YES_AGGRESSIVE;
				CLANG_WARN_UNREACHABLE_CODE = YES;
				CLANG_WARN__DUPLICATE_METHOD_MATCH = YES;
				CODE_SIGN_IDENTITY = "iPhone Developer";
				COPY_PHASE_STRIP = NO;
				DEBUG_INFORMATION_FORMAT = "dwarf-with-dsym";
				ENABLE_NS_ASSERTIONS = NO;
				ENABLE_STRICT_OBJC_MSGSEND = YES;
				GCC_C_LANGUAGE_STANDARD = gnu11;
				GCC_NO_COMMON_BLOCKS = YES;
				GCC_WARN_64_TO_32_BIT_CONVERSION = YES;
				GCC_WARN_ABOUT_RETURN_TYPE = YES_ERROR;
				GCC_WARN_UNDECLARED_SELECTOR = YES;
				GCC_WARN_UNINITIALIZED_AUTOS = YES_AGGRESSIVE;
				GCC_WARN_UNUSED_FUNCTION = YES;
				GCC_WARN_UNUSED_VARIABLE = YES;
				IPHONEOS_DEPLOYMENT_TARGET = 11.3;
				MTL_ENABLE_DEBUG_INFO = NO;
				SDKROOT = iphoneos;
				SWIFT_COMPILATION_MODE = wholemodule;
				SWIFT_OPTIMIZATION_LEVEL = "-O";
				VALIDATE_PRODUCT = YES;
			};
			name = Release;
		};
		DB92E50D2084693E00ED4A3E /* Debug */ = {
			isa = XCBuildConfiguration;
			baseConfigurationReference = BBE3D2EBCADEFFD523A5224B /* Pods-Anti-Entropy.debug.xcconfig */;
			buildSettings = {
				ASSETCATALOG_COMPILER_APPICON_NAME = AppIcon;
				CODE_SIGN_STYLE = Automatic;
				DEVELOPMENT_TEAM = Z68BDSMP42;
				INFOPLIST_FILE = "$(SRCROOT)/Anti-Entropy/Supporting Files/Info.plist";
				IPHONEOS_DEPLOYMENT_TARGET = 11.0;
				LD_RUNPATH_SEARCH_PATHS = (
					"$(inherited)",
					"@executable_path/Frameworks",
				);
				PRODUCT_BUNDLE_IDENTIFIER = "com.mainasuk.Anti-Entropy";
				PRODUCT_NAME = "$(TARGET_NAME)";
				SWIFT_VERSION = 4.0;
				TARGETED_DEVICE_FAMILY = 1;
			};
			name = Debug;
		};
		DB92E50E2084693E00ED4A3E /* Release */ = {
			isa = XCBuildConfiguration;
			baseConfigurationReference = 48B1A7BECE6C4BF343D5972F /* Pods-Anti-Entropy.release.xcconfig */;
			buildSettings = {
				ASSETCATALOG_COMPILER_APPICON_NAME = AppIcon;
				CODE_SIGN_STYLE = Automatic;
				DEVELOPMENT_TEAM = Z68BDSMP42;
				INFOPLIST_FILE = "$(SRCROOT)/Anti-Entropy/Supporting Files/Info.plist";
				IPHONEOS_DEPLOYMENT_TARGET = 11.0;
				LD_RUNPATH_SEARCH_PATHS = (
					"$(inherited)",
					"@executable_path/Frameworks",
				);
				PRODUCT_BUNDLE_IDENTIFIER = "com.mainasuk.Anti-Entropy";
				PRODUCT_NAME = "$(TARGET_NAME)";
				SWIFT_VERSION = 4.0;
				TARGETED_DEVICE_FAMILY = 1;
			};
			name = Release;
		};
		DB92E5102084693E00ED4A3E /* Debug */ = {
			isa = XCBuildConfiguration;
			baseConfigurationReference = 8382E15572AE9CAB4BA25DA9 /* Pods-Anti-EntropyTests.debug.xcconfig */;
			buildSettings = {
				ALWAYS_EMBED_SWIFT_STANDARD_LIBRARIES = YES;
				BUNDLE_LOADER = "$(TEST_HOST)";
				CODE_SIGN_STYLE = Automatic;
				DEVELOPMENT_TEAM = Z68BDSMP42;
				INFOPLIST_FILE = "Anti-EntropyTests/Info.plist";
				LD_RUNPATH_SEARCH_PATHS = (
					"$(inherited)",
					"@executable_path/Frameworks",
					"@loader_path/Frameworks",
				);
				PRODUCT_BUNDLE_IDENTIFIER = "com.mainasuk.Anti-EntropyTests";
				PRODUCT_NAME = "$(TARGET_NAME)";
				SWIFT_VERSION = 4.0;
				TARGETED_DEVICE_FAMILY = "1,2";
				TEST_HOST = "$(BUILT_PRODUCTS_DIR)/Anti-Entropy.app/Anti-Entropy";
			};
			name = Debug;
		};
		DB92E5112084693E00ED4A3E /* Release */ = {
			isa = XCBuildConfiguration;
			baseConfigurationReference = E8BEC70720E4680ED48ED56C /* Pods-Anti-EntropyTests.release.xcconfig */;
			buildSettings = {
				ALWAYS_EMBED_SWIFT_STANDARD_LIBRARIES = YES;
				BUNDLE_LOADER = "$(TEST_HOST)";
				CODE_SIGN_STYLE = Automatic;
				DEVELOPMENT_TEAM = Z68BDSMP42;
				INFOPLIST_FILE = "Anti-EntropyTests/Info.plist";
				LD_RUNPATH_SEARCH_PATHS = (
					"$(inherited)",
					"@executable_path/Frameworks",
					"@loader_path/Frameworks",
				);
				PRODUCT_BUNDLE_IDENTIFIER = "com.mainasuk.Anti-EntropyTests";
				PRODUCT_NAME = "$(TARGET_NAME)";
				SWIFT_VERSION = 4.0;
				TARGETED_DEVICE_FAMILY = "1,2";
				TEST_HOST = "$(BUILT_PRODUCTS_DIR)/Anti-Entropy.app/Anti-Entropy";
			};
			name = Release;
		};
/* End XCBuildConfiguration section */

/* Begin XCConfigurationList section */
		DB92E4EA2084693D00ED4A3E /* Build configuration list for PBXProject "Anti-Entropy" */ = {
			isa = XCConfigurationList;
			buildConfigurations = (
				DB92E50A2084693E00ED4A3E /* Debug */,
				DB92E50B2084693E00ED4A3E /* Release */,
			);
			defaultConfigurationIsVisible = 0;
			defaultConfigurationName = Release;
		};
		DB92E50C2084693E00ED4A3E /* Build configuration list for PBXNativeTarget "Anti-Entropy" */ = {
			isa = XCConfigurationList;
			buildConfigurations = (
				DB92E50D2084693E00ED4A3E /* Debug */,
				DB92E50E2084693E00ED4A3E /* Release */,
			);
			defaultConfigurationIsVisible = 0;
			defaultConfigurationName = Release;
		};
		DB92E50F2084693E00ED4A3E /* Build configuration list for PBXNativeTarget "Anti-EntropyTests" */ = {
			isa = XCConfigurationList;
			buildConfigurations = (
				DB92E5102084693E00ED4A3E /* Debug */,
				DB92E5112084693E00ED4A3E /* Release */,
			);
			defaultConfigurationIsVisible = 0;
			defaultConfigurationName = Release;
		};
/* End XCConfigurationList section */
	};
	rootObject = DB92E4E72084693D00ED4A3E /* Project object */;
}
